// !$*UTF8*$!
{
	archiveVersion = 1;
	classes = {
	};
	objectVersion = 50;
	objects = {

/* Begin PBXBuildFile section */
		B0A5FCF32436A71B0061CDEE /* GifExtension.swift in Sources */ = {isa = PBXBuildFile; fileRef = B0A5FCF22436A71B0061CDEE /* GifExtension.swift */; };
		B0A5FCF52436AB7B0061CDEE /* GifCell.swift in Sources */ = {isa = PBXBuildFile; fileRef = B0A5FCF42436AB7B0061CDEE /* GifCell.swift */; };
		B0A5FCF72436B5920061CDEE /* GifNetwork.swift in Sources */ = {isa = PBXBuildFile; fileRef = B0A5FCF62436B5920061CDEE /* GifNetwork.swift */; };
		B0C54E29243AB7010058AEEA /* Gif.swift in Sources */ = {isa = PBXBuildFile; fileRef = B0C54E28243AB7010058AEEA /* Gif.swift */; };
		B0CB036E2433B7190092BE1D /* AppDelegate.swift in Sources */ = {isa = PBXBuildFile; fileRef = B0CB036D2433B7190092BE1D /* AppDelegate.swift */; };
		B0CB03702433B7190092BE1D /* SceneDelegate.swift in Sources */ = {isa = PBXBuildFile; fileRef = B0CB036F2433B7190092BE1D /* SceneDelegate.swift */; };
		B0CB03722433B7190092BE1D /* ViewController.swift in Sources */ = {isa = PBXBuildFile; fileRef = B0CB03712433B7190092BE1D /* ViewController.swift */; };
		B0CB03752433B7190092BE1D /* Main.storyboard in Resources */ = {isa = PBXBuildFile; fileRef = B0CB03732433B7190092BE1D /* Main.storyboard */; };
		B0CB03772433B71C0092BE1D /* Assets.xcassets in Resources */ = {isa = PBXBuildFile; fileRef = B0CB03762433B71C0092BE1D /* Assets.xcassets */; };
		B0CB037A2433B71C0092BE1D /* LaunchScreen.storyboard in Resources */ = {isa = PBXBuildFile; fileRef = B0CB03782433B71C0092BE1D /* LaunchScreen.storyboard */; };
/* End PBXBuildFile section */

/* Begin PBXFileReference section */
		B0A5FCF22436A71B0061CDEE /* GifExtension.swift */ = {isa = PBXFileReference; fileEncoding = 4; lastKnownFileType = sourcecode.swift; path = GifExtension.swift; sourceTree = "<group>"; };
		B0A5FCF42436AB7B0061CDEE /* GifCell.swift */ = {isa = PBXFileReference; lastKnownFileType = sourcecode.swift; path = GifCell.swift; sourceTree = "<group>"; };
		B0A5FCF62436B5920061CDEE /* GifNetwork.swift */ = {isa = PBXFileReference; lastKnownFileType = sourcecode.swift; path = GifNetwork.swift; sourceTree = "<group>"; };
		B0C54E28243AB7010058AEEA /* Gif.swift */ = {isa = PBXFileReference; lastKnownFileType = sourcecode.swift; path = Gif.swift; sourceTree = "<group>"; };
		B0CB036A2433B7190092BE1D /* GiphySearchIOS.app */ = {isa = PBXFileReference; explicitFileType = wrapper.application; includeInIndex = 0; path = GiphySearchIOS.app; sourceTree = BUILT_PRODUCTS_DIR; };
		B0CB036D2433B7190092BE1D /* AppDelegate.swift */ = {isa = PBXFileReference; lastKnownFileType = sourcecode.swift; path = AppDelegate.swift; sourceTree = "<group>"; };
		B0CB036F2433B7190092BE1D /* SceneDelegate.swift */ = {isa = PBXFileReference; lastKnownFileType = sourcecode.swift; path = SceneDelegate.swift; sourceTree = "<group>"; };
		B0CB03712433B7190092BE1D /* ViewController.swift */ = {isa = PBXFileReference; lastKnownFileType = sourcecode.swift; path = ViewController.swift; sourceTree = "<group>"; };
		B0CB03742433B7190092BE1D /* Base */ = {isa = PBXFileReference; lastKnownFileType = file.storyboard; name = Base; path = Base.lproj/Main.storyboard; sourceTree = "<group>"; };
		B0CB03762433B71C0092BE1D /* Assets.xcassets */ = {isa = PBXFileReference; lastKnownFileType = folder.assetcatalog; path = Assets.xcassets; sourceTree = "<group>"; };
		B0CB03792433B71C0092BE1D /* Base */ = {isa = PBXFileReference; lastKnownFileType = file.storyboard; name = Base; path = Base.lproj/LaunchScreen.storyboard; sourceTree = "<group>"; };
		B0CB037B2433B71C0092BE1D /* Info.plist */ = {isa = PBXFileReference; lastKnownFileType = text.plist.xml; path = Info.plist; sourceTree = "<group>"; };
/* End PBXFileReference section */

/* Begin PBXFrameworksBuildPhase section */
		B0CB03672433B7190092BE1D /* Frameworks */ = {
			isa = PBXFrameworksBuildPhase;
			buildActionMask = 2147483647;
			files = (
			);
			runOnlyForDeploymentPostprocessing = 0;
		};
/* End PBXFrameworksBuildPhase section */

/* Begin PBXGroup section */
		B0CB03612433B7190092BE1D = {
			isa = PBXGroup;
			children = (
				B0CB036C2433B7190092BE1D /* GiphySearchIOS */,
				B0CB036B2433B7190092BE1D /* Products */,
			);
			sourceTree = "<group>";
		};
		B0CB036B2433B7190092BE1D /* Products */ = {
			isa = PBXGroup;
			children = (
				B0CB036A2433B7190092BE1D /* GiphySearchIOS.app */,
			);
			name = Products;
			sourceTree = "<group>";
		};
		B0CB036C2433B7190092BE1D /* GiphySearchIOS */ = {
			isa = PBXGroup;
			children = (
				B0CB036D2433B7190092BE1D /* AppDelegate.swift */,
				B0CB036F2433B7190092BE1D /* SceneDelegate.swift */,
				B0CB03712433B7190092BE1D /* ViewController.swift */,
				B0C54E28243AB7010058AEEA /* Gif.swift */,
				B0A5FCF62436B5920061CDEE /* GifNetwork.swift */,
				B0A5FCF42436AB7B0061CDEE /* GifCell.swift */,
				B0A5FCF22436A71B0061CDEE /* GifExtension.swift */,
				B0CB03732433B7190092BE1D /* Main.storyboard */,
				B0CB03762433B71C0092BE1D /* Assets.xcassets */,
				B0CB03782433B71C0092BE1D /* LaunchScreen.storyboard */,
				B0CB037B2433B71C0092BE1D /* Info.plist */,
			);
			path = GiphySearchIOS;
			sourceTree = "<group>";
		};
/* End PBXGroup section */

/* Begin PBXNativeTarget section */
		B0CB03692433B7190092BE1D /* GiphySearchIOS */ = {
			isa = PBXNativeTarget;
			buildConfigurationList = B0CB037E2433B71C0092BE1D /* Build configuration list for PBXNativeTarget "GiphySearchIOS" */;
			buildPhases = (
				B0CB03662433B7190092BE1D /* Sources */,
				B0CB03672433B7190092BE1D /* Frameworks */,
				B0CB03682433B7190092BE1D /* Resources */,
			);
			buildRules = (
			);
			dependencies = (
			);
			name = GiphySearchIOS;
			productName = GiphySearchIOS;
			productReference = B0CB036A2433B7190092BE1D /* GiphySearchIOS.app */;
			productType = "com.apple.product-type.application";
		};
/* End PBXNativeTarget section */

/* Begin PBXProject section */
		B0CB03622433B7190092BE1D /* Project object */ = {
			isa = PBXProject;
			attributes = {
				LastSwiftUpdateCheck = 1130;
				LastUpgradeCheck = 1130;
				ORGANIZATIONNAME = "Karla Aldana";
				TargetAttributes = {
					B0CB03692433B7190092BE1D = {
						CreatedOnToolsVersion = 11.3.1;
					};
				};
			};
			buildConfigurationList = B0CB03652433B7190092BE1D /* Build configuration list for PBXProject "GiphySearchIOS" */;
			compatibilityVersion = "Xcode 9.3";
			developmentRegion = en;
			hasScannedForEncodings = 0;
			knownRegions = (
				en,
				Base,
			);
			mainGroup = B0CB03612433B7190092BE1D;
			productRefGroup = B0CB036B2433B7190092BE1D /* Products */;
			projectDirPath = "";
			projectRoot = "";
			targets = (
				B0CB03692433B7190092BE1D /* GiphySearchIOS */,
			);
		};
/* End PBXProject section */

/* Begin PBXResourcesBuildPhase section */
		B0CB03682433B7190092BE1D /* Resources */ = {
			isa = PBXResourcesBuildPhase;
			buildActionMask = 2147483647;
			files = (
				B0CB037A2433B71C0092BE1D /* LaunchScreen.storyboard in Resources */,
				B0CB03772433B71C0092BE1D /* Assets.xcassets in Resources */,
				B0CB03752433B7190092BE1D /* Main.storyboard in Resources */,
			);
			runOnlyForDeploymentPostprocessing = 0;
		};
/* End PBXResourcesBuildPhase section */

/* Begin PBXSourcesBuildPhase section */
		B0CB03662433B7190092BE1D /* Sources */ = {
			isa = PBXSourcesBuildPhase;
			buildActionMask = 2147483647;
			files = (
				B0A5FCF32436A71B0061CDEE /* GifExtension.swift in Sources */,
				B0CB03722433B7190092BE1D /* ViewController.swift in Sources */,
				B0A5FCF52436AB7B0061CDEE /* GifCell.swift in Sources */,
				B0CB036E2433B7190092BE1D /* AppDelegate.swift in Sources */,
				B0CB03702433B7190092BE1D /* SceneDelegate.swift in Sources */,
				B0C54E29243AB7010058AEEA /* Gif.swift in Sources */,
				B0A5FCF72436B5920061CDEE /* GifNetwork.swift in Sources */,
			);
			runOnlyForDeploymentPostprocessing = 0;
		};
/* End PBXSourcesBuildPhase section */

/* Begin PBXVariantGroup section */
		B0CB03732433B7190092BE1D /* Main.storyboard */ = {
			isa = PBXVariantGroup;
			children = (
				B0CB03742433B7190092BE1D /* Base */,
			);
			name = Main.storyboard;
			sourceTree = "<group>";
		};
		B0CB03782433B71C0092BE1D /* LaunchScreen.storyboard */ = {
			isa = PBXVariantGroup;
			children = (
				B0CB03792433B71C0092BE1D /* Base */,
			);
			name = LaunchScreen.storyboard;
			sourceTree = "<group>";
		};
/* End PBXVariantGroup section */

/* Begin XCBuildConfiguration section */
		B0CB037C2433B71C0092BE1D /* Debug */ = {
			isa = XCBuildConfiguration;
			buildSettings = {
				ALWAYS_SEARCH_USER_PATHS = NO;
				CLANG_ANALYZER_NONNULL = YES;
				CLANG_ANALYZER_NUMBER_OBJECT_CONVERSION = YES_AGGRESSIVE;
				CLANG_CXX_LANGUAGE_STANDARD = "gnu++14";
				CLANG_CXX_LIBRARY = "libc++";
				CLANG_ENABLE_MODULES = YES;
				CLANG_ENABLE_OBJC_ARC = YES;
				CLANG_ENABLE_OBJC_WEAK = YES;
				CLANG_WARN_BLOCK_CAPTURE_AUTORELEASING = YES;
				CLANG_WARN_BOOL_CONVERSION = YES;
				CLANG_WARN_COMMA = YES;
				CLANG_WARN_CONSTANT_CONVERSION = YES;
				CLANG_WARN_DEPRECATED_OBJC_IMPLEMENTATIONS = YES;
				CLANG_WARN_DIRECT_OBJC_ISA_USAGE = YES_ERROR;
				CLANG_WARN_DOCUMENTATION_COMMENTS = YES;
				CLANG_WARN_EMPTY_BODY = YES;
				CLANG_WARN_ENUM_CONVERSION = YES;
				CLANG_WARN_INFINITE_RECURSION = YES;
				CLANG_WARN_INT_CONVERSION = YES;
				CLANG_WARN_NON_LITERAL_NULL_CONVERSION = YES;
				CLANG_WARN_OBJC_IMPLICIT_RETAIN_SELF = YES;
				CLANG_WARN_OBJC_LITERAL_CONVERSION = YES;
				CLANG_WARN_OBJC_ROOT_CLASS = YES_ERROR;
				CLANG_WARN_RANGE_LOOP_ANALYSIS = YES;
				CLANG_WARN_STRICT_PROTOTYPES = YES;
				CLANG_WARN_SUSPICIOUS_MOVE = YES;
				CLANG_WARN_UNGUARDED_AVAILABILITY = YES_AGGRESSIVE;
				CLANG_WARN_UNREACHABLE_CODE = YES;
				CLANG_WARN__DUPLICATE_METHOD_MATCH = YES;
				COPY_PHASE_STRIP = NO;
				DEBUG_INFORMATION_FORMAT = dwarf;
				ENABLE_STRICT_OBJC_MSGSEND = YES;
				ENABLE_TESTABILITY = YES;
				GCC_C_LANGUAGE_STANDARD = gnu11;
				GCC_DYNAMIC_NO_PIC = NO;
				GCC_NO_COMMON_BLOCKS = YES;
				GCC_OPTIMIZATION_LEVEL = 0;
				GCC_PREPROCESSOR_DEFINITIONS = (
					"DEBUG=1",
					"$(inherited)",
				);
				GCC_WARN_64_TO_32_BIT_CONVERSION = YES;
				GCC_WARN_ABOUT_RETURN_TYPE = YES_ERROR;
				GCC_WARN_UNDECLARED_SELECTOR = YES;
				GCC_WARN_UNINITIALIZED_AUTOS = YES_AGGRESSIVE;
				GCC_WARN_UNUSED_FUNCTION = YES;
				GCC_WARN_UNUSED_VARIABLE = YES;
				IPHONEOS_DEPLOYMENT_TARGET = 13.2;
				MTL_ENABLE_DEBUG_INFO = INCLUDE_SOURCE;
				MTL_FAST_MATH = YES;
				ONLY_ACTIVE_ARCH = YES;
				SDKROOT = iphoneos;
				SWIFT_ACTIVE_COMPILATION_CONDITIONS = DEBUG;
				SWIFT_OPTIMIZATION_LEVEL = "-Onone";
			};
			name = Debug;
		};
		B0CB037D2433B71C0092BE1D /* Release */ = {
			isa = XCBuildConfiguration;
			buildSettings = {
				ALWAYS_SEARCH_USER_PATHS = NO;
				CLANG_ANALYZER_NONNULL = YES;
				CLANG_ANALYZER_NUMBER_OBJECT_CONVERSION = YES_AGGRESSIVE;
				CLANG_CXX_LANGUAGE_STANDARD = "gnu++14";
				CLANG_CXX_LIBRARY = "libc++";
				CLANG_ENABLE_MODULES = YES;
				CLANG_ENABLE_OBJC_ARC = YES;
				CLANG_ENABLE_OBJC_WEAK = YES;
				CLANG_WARN_BLOCK_CAPTURE_AUTORELEASING = YES;
				CLANG_WARN_BOOL_CONVERSION = YES;
				CLANG_WARN_COMMA = YES;
				CLANG_WARN_CONSTANT_CONVERSION = YES;
				CLANG_WARN_DEPRECATED_OBJC_IMPLEMENTATIONS = YES;
				CLANG_WARN_DIRECT_OBJC_ISA_USAGE = YES_ERROR;
				CLANG_WARN_DOCUMENTATION_COMMENTS = YES;
				CLANG_WARN_EMPTY_BODY = YES;
				CLANG_WARN_ENUM_CONVERSION = YES;
				CLANG_WARN_INFINITE_RECURSION = YES;
				CLANG_WARN_INT_CONVERSION = YES;
				CLANG_WARN_NON_LITERAL_NULL_CONVERSION = YES;
				CLANG_WARN_OBJC_IMPLICIT_RETAIN_SELF = YES;
				CLANG_WARN_OBJC_LITERAL_CONVERSION = YES;
				CLANG_WARN_OBJC_ROOT_CLASS = YES_ERROR;
				CLANG_WARN_RANGE_LOOP_ANALYSIS = YES;
				CLANG_WARN_STRICT_PROTOTYPES = YES;
				CLANG_WARN_SUSPICIOUS_MOVE = YES;
				CLANG_WARN_UNGUARDED_AVAILABILITY = YES_AGGRESSIVE;
				CLANG_WARN_UNREACHABLE_CODE = YES;
				CLANG_WARN__DUPLICATE_METHOD_MATCH = YES;
				COPY_PHASE_STRIP = NO;
				DEBUG_INFORMATION_FORMAT = "dwarf-with-dsym";
				ENABLE_NS_ASSERTIONS = NO;
				ENABLE_STRICT_OBJC_MSGSEND = YES;
				GCC_C_LANGUAGE_STANDARD = gnu11;
				GCC_NO_COMMON_BLOCKS = YES;
				GCC_WARN_64_TO_32_BIT_CONVERSION = YES;
				GCC_WARN_ABOUT_RETURN_TYPE = YES_ERROR;
				GCC_WARN_UNDECLARED_SELECTOR = YES;
				GCC_WARN_UNINITIALIZED_AUTOS = YES_AGGRESSIVE;
				GCC_WARN_UNUSED_FUNCTION = YES;
				GCC_WARN_UNUSED_VARIABLE = YES;
				IPHONEOS_DEPLOYMENT_TARGET = 13.2;
				MTL_ENABLE_DEBUG_INFO = NO;
				MTL_FAST_MATH = YES;
				SDKROOT = iphoneos;
				SWIFT_COMPILATION_MODE = wholemodule;
				SWIFT_OPTIMIZATION_LEVEL = "-O";
				VALIDATE_PRODUCT = YES;
			};
			name = Release;
		};
		B0CB037F2433B71C0092BE1D /* Debug */ = {
			isa = XCBuildConfiguration;
			buildSettings = {
				ASSETCATALOG_COMPILER_APPICON_NAME = AppIcon;
				CODE_SIGN_STYLE = Automatic;
				DEVELOPMENT_TEAM = H82KJ8L44L;
				INFOPLIST_FILE = GiphySearchIOS/Info.plist;
				LD_RUNPATH_SEARCH_PATHS = (
					"$(inherited)",
					"@executable_path/Frameworks",
				);
				PRODUCT_BUNDLE_IDENTIFIER = com.karlaaldana.GiphySearchIOS;
				PRODUCT_NAME = "$(TARGET_NAME)";
				SWIFT_VERSION = 5.0;
				TARGETED_DEVICE_FAMILY = "1,2";
			};
			name = Debug;
		};
		B0CB03802433B71C0092BE1D /* Release */ = {
			isa = XCBuildConfiguration;
			buildSettings = {
				ASSETCATALOG_COMPILER_APPICON_NAME = AppIcon;
				CODE_SIGN_STYLE = Automatic;
				DEVELOPMENT_TEAM = H82KJ8L44L;
				INFOPLIST_FILE = GiphySearchIOS/Info.plist;
				LD_RUNPATH_SEARCH_PATHS = (
					"$(inherited)",
					"@executable_path/Frameworks",
				);
				PRODUCT_BUNDLE_IDENTIFIER = com.karlaaldana.GiphySearchIOS;
				PRODUCT_NAME = "$(TARGET_NAME)";
				SWIFT_VERSION = 5.0;
				TARGETED_DEVICE_FAMILY = "1,2";
			};
			name = Release;
		};
/* End XCBuildConfiguration section */

/* Begin XCConfigurationList section */
		B0CB03652433B7190092BE1D /* Build configuration list for PBXProject "GiphySearchIOS" */ = {
			isa = XCConfigurationList;
			buildConfigurations = (
				B0CB037C2433B71C0092BE1D /* Debug */,
				B0CB037D2433B71C0092BE1D /* Release */,
			);
			defaultConfigurationIsVisible = 0;
			defaultConfigurationName = Release;
		};
		B0CB037E2433B71C0092BE1D /* Build configuration list for PBXNativeTarget "GiphySearchIOS" */ = {
			isa = XCConfigurationList;
			buildConfigurations = (
				B0CB037F2433B71C0092BE1D /* Debug */,
				B0CB03802433B71C0092BE1D /* Release */,
			);
			defaultConfigurationIsVisible = 0;
			defaultConfigurationName = Release;
		};
/* End XCConfigurationList section */
	};
	rootObject = B0CB03622433B7190092BE1D /* Project object */;
}
